
Microsoft Visual Studio Solution File, Format Version 12.00
# Visual Studio Version 17
VisualStudioVersion = 17.3.32825.248
MinimumVisualStudioVersion = 10.0.40219.1
Project("{FAE04EC0-301F-11D3-BF4B-00C04F79EFBC}") = "Q01~04", "ConsoleApp1\Q01~04.csproj", "{1B845632-676F-40C5-9BD1-3D0E979BC441}"
EndProject
Project("{FAE04EC0-301F-11D3-BF4B-00C04F79EFBC}") = "Q05", "Q05\Q05.csproj", "{57354356-746B-4F41-A6BA-0BDBEED3780F}"
EndProject
Project("{FAE04EC0-301F-11D3-BF4B-00C04F79EFBC}") = "Q6.Q7", "Q6.Q7\Q6.Q7.csproj", "{94768BD1-BE30-4495-BCC4-98DC8CE439D9}"
EndProject
Global
	GlobalSection(SolutionConfigurationPlatforms) = preSolution
		Debug|Any CPU = Debug|Any CPU
		Release|Any CPU = Release|Any CPU
	EndGlobalSection
	GlobalSection(ProjectConfigurationPlatforms) = postSolution
		{1B845632-676F-40C5-9BD1-3D0E979BC441}.Debug|Any CPU.ActiveCfg = Debug|Any CPU
		{1B845632-676F-40C5-9BD1-3D0E979BC441}.Debug|Any CPU.Build.0 = Debug|Any CPU
		{1B845632-676F-40C5-9BD1-3D0E979BC441}.Release|Any CPU.ActiveCfg = Release|Any CPU
		{1B845632-676F-40C5-9BD1-3D0E979BC441}.Release|Any CPU.Build.0 = Release|Any CPU
		{57354356-746B-4F41-A6BA-0BDBEED3780F}.Debug|Any CPU.ActiveCfg = Debug|Any CPU
		{57354356-746B-4F41-A6BA-0BDBEED3780F}.Debug|Any CPU.Build.0 = Debug|Any CPU
		{57354356-746B-4F41-A6BA-0BDBEED3780F}.Release|Any CPU.ActiveCfg = Release|Any CPU
		{57354356-746B-4F41-A6BA-0BDBEED3780F}.Release|Any CPU.Build.0 = Release|Any CPU
		{94768BD1-BE30-4495-BCC4-98DC8CE439D9}.Debug|Any CPU.ActiveCfg = Debug|Any CPU
		{94768BD1-BE30-4495-BCC4-98DC8CE439D9}.Debug|Any CPU.Build.0 = Debug|Any CPU
		{94768BD1-BE30-4495-BCC4-98DC8CE439D9}.Release|Any CPU.ActiveCfg = Release|Any CPU
		{94768BD1-BE30-4495-BCC4-98DC8CE439D9}.Release|Any CPU.Build.0 = Release|Any CPU
	EndGlobalSection
	GlobalSection(SolutionProperties) = preSolution
		HideSolutionNode = FALSE
	EndGlobalSection
	GlobalSection(ExtensibilityGlobals) = postSolution
		SolutionGuid = {BD363861-70BD-4795-8C4B-695160AA2C54}
	EndGlobalSection
EndGlobal
