
Microsoft Visual Studio Solution File, Format Version 12.00
# Visual Studio Version 17
VisualStudioVersion = 17.3.32825.248
MinimumVisualStudioVersion = 10.0.40219.1
Project("{FAE04EC0-301F-11D3-BF4B-00C04F79EFBC}") = "Q5", "Q05\Q5.csproj", "{57354356-746B-4F41-A6BA-0BDBEED3780F}"
EndProject
Project("{FAE04EC0-301F-11D3-BF4B-00C04F79EFBC}") = "Q1", "Q1\Q1.csproj", "{7688DBF1-8FDF-4BE1-8866-C7016CCA34BE}"
EndProject
Project("{FAE04EC0-301F-11D3-BF4B-00C04F79EFBC}") = "Q2", "Q2\Q2.csproj", "{0D290EC7-D61D-4A05-BF52-2945997A3202}"
EndProject
Project("{FAE04EC0-301F-11D3-BF4B-00C04F79EFBC}") = "Q3", "Q3\Q3.csproj", "{7EDFCB86-4B15-47BE-9C7F-1D029D56E9FB}"
EndProject
Project("{FAE04EC0-301F-11D3-BF4B-00C04F79EFBC}") = "Q4", "Q4\Q4.csproj", "{0F0242AB-CF9B-4399-9D6E-72A8AAECAE63}"
EndProject
Project("{FAE04EC0-301F-11D3-BF4B-00C04F79EFBC}") = "Q6", "Q6\Q6.csproj", "{E0FA777F-346F-4434-89BC-FD851FAA5E3B}"
EndProject
Project("{FAE04EC0-301F-11D3-BF4B-00C04F79EFBC}") = "Q7", "Q7\Q7.csproj", "{076BA118-B02A-4AB3-8191-2622196F79EB}"
EndProject
Global
	GlobalSection(SolutionConfigurationPlatforms) = preSolution
		Debug|Any CPU = Debug|Any CPU
		Release|Any CPU = Release|Any CPU
	EndGlobalSection
	GlobalSection(ProjectConfigurationPlatforms) = postSolution
		{57354356-746B-4F41-A6BA-0BDBEED3780F}.Debug|Any CPU.ActiveCfg = Debug|Any CPU
		{57354356-746B-4F41-A6BA-0BDBEED3780F}.Debug|Any CPU.Build.0 = Debug|Any CPU
		{57354356-746B-4F41-A6BA-0BDBEED3780F}.Release|Any CPU.ActiveCfg = Release|Any CPU
		{57354356-746B-4F41-A6BA-0BDBEED3780F}.Release|Any CPU.Build.0 = Release|Any CPU
		{7688DBF1-8FDF-4BE1-8866-C7016CCA34BE}.Debug|Any CPU.ActiveCfg = Debug|Any CPU
		{7688DBF1-8FDF-4BE1-8866-C7016CCA34BE}.Debug|Any CPU.Build.0 = Debug|Any CPU
		{7688DBF1-8FDF-4BE1-8866-C7016CCA34BE}.Release|Any CPU.ActiveCfg = Release|Any CPU
		{7688DBF1-8FDF-4BE1-8866-C7016CCA34BE}.Release|Any CPU.Build.0 = Release|Any CPU
		{0D290EC7-D61D-4A05-BF52-2945997A3202}.Debug|Any CPU.ActiveCfg = Debug|Any CPU
		{0D290EC7-D61D-4A05-BF52-2945997A3202}.Debug|Any CPU.Build.0 = Debug|Any CPU
		{0D290EC7-D61D-4A05-BF52-2945997A3202}.Release|Any CPU.ActiveCfg = Release|Any CPU
		{0D290EC7-D61D-4A05-BF52-2945997A3202}.Release|Any CPU.Build.0 = Release|Any CPU
		{7EDFCB86-4B15-47BE-9C7F-1D029D56E9FB}.Debug|Any CPU.ActiveCfg = Debug|Any CPU
		{7EDFCB86-4B15-47BE-9C7F-1D029D56E9FB}.Debug|Any CPU.Build.0 = Debug|Any CPU
		{7EDFCB86-4B15-47BE-9C7F-1D029D56E9FB}.Release|Any CPU.ActiveCfg = Release|Any CPU
		{7EDFCB86-4B15-47BE-9C7F-1D029D56E9FB}.Release|Any CPU.Build.0 = Release|Any CPU
		{0F0242AB-CF9B-4399-9D6E-72A8AAECAE63}.Debug|Any CPU.ActiveCfg = Debug|Any CPU
		{0F0242AB-CF9B-4399-9D6E-72A8AAECAE63}.Debug|Any CPU.Build.0 = Debug|Any CPU
		{0F0242AB-CF9B-4399-9D6E-72A8AAECAE63}.Release|Any CPU.ActiveCfg = Release|Any CPU
		{0F0242AB-CF9B-4399-9D6E-72A8AAECAE63}.Release|Any CPU.Build.0 = Release|Any CPU
		{E0FA777F-346F-4434-89BC-FD851FAA5E3B}.Debug|Any CPU.ActiveCfg = Debug|Any CPU
		{E0FA777F-346F-4434-89BC-FD851FAA5E3B}.Debug|Any CPU.Build.0 = Debug|Any CPU
		{E0FA777F-346F-4434-89BC-FD851FAA5E3B}.Release|Any CPU.ActiveCfg = Release|Any CPU
		{E0FA777F-346F-4434-89BC-FD851FAA5E3B}.Release|Any CPU.Build.0 = Release|Any CPU
		{076BA118-B02A-4AB3-8191-2622196F79EB}.Debug|Any CPU.ActiveCfg = Debug|Any CPU
		{076BA118-B02A-4AB3-8191-2622196F79EB}.Debug|Any CPU.Build.0 = Debug|Any CPU
		{076BA118-B02A-4AB3-8191-2622196F79EB}.Release|Any CPU.ActiveCfg = Release|Any CPU
		{076BA118-B02A-4AB3-8191-2622196F79EB}.Release|Any CPU.Build.0 = Release|Any CPU
	EndGlobalSection
	GlobalSection(SolutionProperties) = preSolution
		HideSolutionNode = FALSE
	EndGlobalSection
	GlobalSection(ExtensibilityGlobals) = postSolution
		SolutionGuid = {BD363861-70BD-4795-8C4B-695160AA2C54}
	EndGlobalSection
EndGlobal
